
Microsoft Visual Studio Solution File, Format Version 12.00
# Visual Studio Version 17
VisualStudioVersion = 17.0.31903.59
MinimumVisualStudioVersion = 10.0.40219.1
Project("{FAE04EC0-301F-11D3-BF4B-00C04F79EFBC}") = "dotnetFullstack.Api", "dotnetFullstack.Api\dotnetFullstack.Api.csproj", "{E0EB772D-3264-4B6D-B4EB-CA47469542C7}"
EndProject
Project("{FAE04EC0-301F-11D3-BF4B-00C04F79EFBC}") = "dotnetFullstack.Entities", "dotnetFullstack.Entities\dotnetFullstack.Entities.csproj", "{BF694E43-B028-4EAF-A726-9FBE33F1F01D}"
EndProject
Project("{FAE04EC0-301F-11D3-BF4B-00C04F79EFBC}") = "dotnetFullstack.DataService", "dotnetFullstack.DataService\dotnetFullstack.DataService.csproj", "{0FD6EF75-C061-44A8-9A8D-FFE808339985}"
EndProject
Global
	GlobalSection(SolutionConfigurationPlatforms) = preSolution
		Debug|Any CPU = Debug|Any CPU
		Release|Any CPU = Release|Any CPU
	EndGlobalSection
	GlobalSection(SolutionProperties) = preSolution
		HideSolutionNode = FALSE
	EndGlobalSection
	GlobalSection(ProjectConfigurationPlatforms) = postSolution
		{E0EB772D-3264-4B6D-B4EB-CA47469542C7}.Debug|Any CPU.ActiveCfg = Debug|Any CPU
		{E0EB772D-3264-4B6D-B4EB-CA47469542C7}.Debug|Any CPU.Build.0 = Debug|Any CPU
		{E0EB772D-3264-4B6D-B4EB-CA47469542C7}.Release|Any CPU.ActiveCfg = Release|Any CPU
		{E0EB772D-3264-4B6D-B4EB-CA47469542C7}.Release|Any CPU.Build.0 = Release|Any CPU
		{BF694E43-B028-4EAF-A726-9FBE33F1F01D}.Debug|Any CPU.ActiveCfg = Debug|Any CPU
		{BF694E43-B028-4EAF-A726-9FBE33F1F01D}.Debug|Any CPU.Build.0 = Debug|Any CPU
		{BF694E43-B028-4EAF-A726-9FBE33F1F01D}.Release|Any CPU.ActiveCfg = Release|Any CPU
		{BF694E43-B028-4EAF-A726-9FBE33F1F01D}.Release|Any CPU.Build.0 = Release|Any CPU
		{0FD6EF75-C061-44A8-9A8D-FFE808339985}.Debug|Any CPU.ActiveCfg = Debug|Any CPU
		{0FD6EF75-C061-44A8-9A8D-FFE808339985}.Debug|Any CPU.Build.0 = Debug|Any CPU
		{0FD6EF75-C061-44A8-9A8D-FFE808339985}.Release|Any CPU.ActiveCfg = Release|Any CPU
		{0FD6EF75-C061-44A8-9A8D-FFE808339985}.Release|Any CPU.Build.0 = Release|Any CPU
	EndGlobalSection
EndGlobal
